# This file is automatically @generated by Poetry 1.6.1 and should not be changed by hand.

[[package]]
name = "grpcio"
version = "1.59.0"
description = "HTTP/2-based RPC framework"
optional = false
python-versions = ">=3.7"
files = [
    {file = "grpcio-1.59.0-cp310-cp310-linux_armv7l.whl", hash = "sha256:225e5fa61c35eeaebb4e7491cd2d768cd8eb6ed00f2664fa83a58f29418b39fd"},
    {file = "grpcio-1.59.0-cp310-cp310-macosx_12_0_universal2.whl", hash = "sha256:b95ec8ecc4f703f5caaa8d96e93e40c7f589bad299a2617bdb8becbcce525539"},
    {file = "grpcio-1.59.0-cp310-cp310-manylinux_2_17_aarch64.whl", hash = "sha256:1a839ba86764cc48226f50b924216000c79779c563a301586a107bda9cbe9dcf"},
    {file = "grpcio-1.59.0-cp310-cp310-manylinux_2_17_i686.manylinux2014_i686.whl", hash = "sha256:f6cfe44a5d7c7d5f1017a7da1c8160304091ca5dc64a0f85bca0d63008c3137a"},
    {file = "grpcio-1.59.0-cp310-cp310-manylinux_2_17_x86_64.manylinux2014_x86_64.whl", hash = "sha256:d0fcf53df684fcc0154b1e61f6b4a8c4cf5f49d98a63511e3f30966feff39cd0"},
    {file = "grpcio-1.59.0-cp310-cp310-musllinux_1_1_i686.whl", hash = "sha256:fa66cac32861500f280bb60fe7d5b3e22d68c51e18e65367e38f8669b78cea3b"},
    {file = "grpcio-1.59.0-cp310-cp310-musllinux_1_1_x86_64.whl", hash = "sha256:8cd2d38c2d52f607d75a74143113174c36d8a416d9472415eab834f837580cf7"},
    {file = "grpcio-1.59.0-cp310-cp310-win32.whl", hash = "sha256:228b91ce454876d7eed74041aff24a8f04c0306b7250a2da99d35dd25e2a1211"},
    {file = "grpcio-1.59.0-cp310-cp310-win_amd64.whl", hash = "sha256:ca87ee6183421b7cea3544190061f6c1c3dfc959e0b57a5286b108511fd34ff4"},
    {file = "grpcio-1.59.0-cp311-cp311-linux_armv7l.whl", hash = "sha256:c173a87d622ea074ce79be33b952f0b424fa92182063c3bda8625c11d3585d09"},
    {file = "grpcio-1.59.0-cp311-cp311-macosx_10_10_universal2.whl", hash = "sha256:ec78aebb9b6771d6a1de7b6ca2f779a2f6113b9108d486e904bde323d51f5589"},
    {file = "grpcio-1.59.0-cp311-cp311-manylinux_2_17_aarch64.whl", hash = "sha256:0b84445fa94d59e6806c10266b977f92fa997db3585f125d6b751af02ff8b9fe"},
    {file = "grpcio-1.59.0-cp311-cp311-manylinux_2_17_i686.manylinux2014_i686.whl", hash = "sha256:c251d22de8f9f5cca9ee47e4bade7c5c853e6e40743f47f5cc02288ee7a87252"},
    {file = "grpcio-1.59.0-cp311-cp311-manylinux_2_17_x86_64.manylinux2014_x86_64.whl", hash = "sha256:956f0b7cb465a65de1bd90d5a7475b4dc55089b25042fe0f6c870707e9aabb1d"},
    {file = "grpcio-1.59.0-cp311-cp311-musllinux_1_1_i686.whl", hash = "sha256:38da5310ef84e16d638ad89550b5b9424df508fd5c7b968b90eb9629ca9be4b9"},
    {file = "grpcio-1.59.0-cp311-cp311-musllinux_1_1_x86_64.whl", hash = "sha256:63982150a7d598281fa1d7ffead6096e543ff8be189d3235dd2b5604f2c553e5"},
    {file = "grpcio-1.59.0-cp311-cp311-win32.whl", hash = "sha256:50eff97397e29eeee5df106ea1afce3ee134d567aa2c8e04fabab05c79d791a7"},
    {file = "grpcio-1.59.0-cp311-cp311-win_amd64.whl", hash = "sha256:15f03bd714f987d48ae57fe092cf81960ae36da4e520e729392a59a75cda4f29"},
    {file = "grpcio-1.59.0-cp312-cp312-linux_armv7l.whl", hash = "sha256:f1feb034321ae2f718172d86b8276c03599846dc7bb1792ae370af02718f91c5"},
    {file = "grpcio-1.59.0-cp312-cp312-macosx_10_10_universal2.whl", hash = "sha256:d09bd2a4e9f5a44d36bb8684f284835c14d30c22d8ec92ce796655af12163588"},
    {file = "grpcio-1.59.0-cp312-cp312-manylinux_2_17_aarch64.whl", hash = "sha256:2f120d27051e4c59db2f267b71b833796770d3ea36ca712befa8c5fff5da6ebd"},
    {file = "grpcio-1.59.0-cp312-cp312-manylinux_2_17_i686.manylinux2014_i686.whl", hash = "sha256:ba0ca727a173ee093f49ead932c051af463258b4b493b956a2c099696f38aa66"},
    {file = "grpcio-1.59.0-cp312-cp312-manylinux_2_17_x86_64.manylinux2014_x86_64.whl", hash = "sha256:5711c51e204dc52065f4a3327dca46e69636a0b76d3e98c2c28c4ccef9b04c52"},
    {file = "grpcio-1.59.0-cp312-cp312-musllinux_1_1_i686.whl", hash = "sha256:d74f7d2d7c242a6af9d4d069552ec3669965b74fed6b92946e0e13b4168374f9"},
    {file = "grpcio-1.59.0-cp312-cp312-musllinux_1_1_x86_64.whl", hash = "sha256:3859917de234a0a2a52132489c4425a73669de9c458b01c9a83687f1f31b5b10"},
    {file = "grpcio-1.59.0-cp312-cp312-win32.whl", hash = "sha256:de2599985b7c1b4ce7526e15c969d66b93687571aa008ca749d6235d056b7205"},
    {file = "grpcio-1.59.0-cp312-cp312-win_amd64.whl", hash = "sha256:598f3530231cf10ae03f4ab92d48c3be1fee0c52213a1d5958df1a90957e6a88"},
    {file = "grpcio-1.59.0-cp37-cp37m-linux_armv7l.whl", hash = "sha256:b34c7a4c31841a2ea27246a05eed8a80c319bfc0d3e644412ec9ce437105ff6c"},
    {file = "grpcio-1.59.0-cp37-cp37m-macosx_10_10_universal2.whl", hash = "sha256:c4dfdb49f4997dc664f30116af2d34751b91aa031f8c8ee251ce4dcfc11277b0"},
    {file = "grpcio-1.59.0-cp37-cp37m-manylinux_2_17_aarch64.whl", hash = "sha256:61bc72a00ecc2b79d9695220b4d02e8ba53b702b42411397e831c9b0589f08a3"},
    {file = "grpcio-1.59.0-cp37-cp37m-manylinux_2_17_i686.manylinux2014_i686.whl", hash = "sha256:f367e4b524cb319e50acbdea57bb63c3b717c5d561974ace0b065a648bb3bad3"},
    {file = "grpcio-1.59.0-cp37-cp37m-manylinux_2_17_x86_64.manylinux2014_x86_64.whl", hash = "sha256:849c47ef42424c86af069a9c5e691a765e304079755d5c29eff511263fad9c2a"},
    {file = "grpcio-1.59.0-cp37-cp37m-musllinux_1_1_i686.whl", hash = "sha256:c0488c2b0528e6072010182075615620071371701733c63ab5be49140ed8f7f0"},
    {file = "grpcio-1.59.0-cp37-cp37m-musllinux_1_1_x86_64.whl", hash = "sha256:611d9aa0017fa386809bddcb76653a5ab18c264faf4d9ff35cb904d44745f575"},
    {file = "grpcio-1.59.0-cp37-cp37m-win_amd64.whl", hash = "sha256:e5378785dce2b91eb2e5b857ec7602305a3b5cf78311767146464bfa365fc897"},
    {file = "grpcio-1.59.0-cp38-cp38-linux_armv7l.whl", hash = "sha256:fe976910de34d21057bcb53b2c5e667843588b48bf11339da2a75f5c4c5b4055"},
    {file = "grpcio-1.59.0-cp38-cp38-macosx_10_10_universal2.whl", hash = "sha256:c041a91712bf23b2a910f61e16565a05869e505dc5a5c025d429ca6de5de842c"},
    {file = "grpcio-1.59.0-cp38-cp38-manylinux_2_17_aarch64.whl", hash = "sha256:0ae444221b2c16d8211b55326f8ba173ba8f8c76349bfc1768198ba592b58f74"},
    {file = "grpcio-1.59.0-cp38-cp38-manylinux_2_17_i686.manylinux2014_i686.whl", hash = "sha256:ceb1e68135788c3fce2211de86a7597591f0b9a0d2bb80e8401fd1d915991bac"},
    {file = "grpcio-1.59.0-cp38-cp38-manylinux_2_17_x86_64.manylinux2014_x86_64.whl", hash = "sha256:6c4b1cc3a9dc1924d2eb26eec8792fedd4b3fcd10111e26c1d551f2e4eda79ce"},
    {file = "grpcio-1.59.0-cp38-cp38-musllinux_1_1_i686.whl", hash = "sha256:871371ce0c0055d3db2a86fdebd1e1d647cf21a8912acc30052660297a5a6901"},
    {file = "grpcio-1.59.0-cp38-cp38-musllinux_1_1_x86_64.whl", hash = "sha256:93e9cb546e610829e462147ce724a9cb108e61647a3454500438a6deef610be1"},
    {file = "grpcio-1.59.0-cp38-cp38-win32.whl", hash = "sha256:f21917aa50b40842b51aff2de6ebf9e2f6af3fe0971c31960ad6a3a2b24988f4"},
    {file = "grpcio-1.59.0-cp38-cp38-win_amd64.whl", hash = "sha256:14890da86a0c0e9dc1ea8e90101d7a3e0e7b1e71f4487fab36e2bfd2ecadd13c"},
    {file = "grpcio-1.59.0-cp39-cp39-linux_armv7l.whl", hash = "sha256:34341d9e81a4b669a5f5dca3b2a760b6798e95cdda2b173e65d29d0b16692857"},
    {file = "grpcio-1.59.0-cp39-cp39-macosx_10_10_universal2.whl", hash = "sha256:986de4aa75646e963466b386a8c5055c8b23a26a36a6c99052385d6fe8aaf180"},
    {file = "grpcio-1.59.0-cp39-cp39-manylinux_2_17_aarch64.whl", hash = "sha256:aca8a24fef80bef73f83eb8153f5f5a0134d9539b4c436a716256b311dda90a6"},
    {file = "grpcio-1.59.0-cp39-cp39-manylinux_2_17_i686.manylinux2014_i686.whl", hash = "sha256:936b2e04663660c600d5173bc2cc84e15adbad9c8f71946eb833b0afc205b996"},
    {file = "grpcio-1.59.0-cp39-cp39-manylinux_2_17_x86_64.manylinux2014_x86_64.whl", hash = "sha256:fc8bf2e7bc725e76c0c11e474634a08c8f24bcf7426c0c6d60c8f9c6e70e4d4a"},
    {file = "grpcio-1.59.0-cp39-cp39-musllinux_1_1_i686.whl", hash = "sha256:81d86a096ccd24a57fa5772a544c9e566218bc4de49e8c909882dae9d73392df"},
    {file = "grpcio-1.59.0-cp39-cp39-musllinux_1_1_x86_64.whl", hash = "sha256:2ea95cd6abbe20138b8df965b4a8674ec312aaef3147c0f46a0bac661f09e8d0"},
    {file = "grpcio-1.59.0-cp39-cp39-win32.whl", hash = "sha256:3b8ff795d35a93d1df6531f31c1502673d1cebeeba93d0f9bd74617381507e3f"},
    {file = "grpcio-1.59.0-cp39-cp39-win_amd64.whl", hash = "sha256:38823bd088c69f59966f594d087d3a929d1ef310506bee9e3648317660d65b81"},
    {file = "grpcio-1.59.0.tar.gz", hash = "sha256:acf70a63cf09dd494000007b798aff88a436e1c03b394995ce450be437b8e54f"},
]

[package.extras]
protobuf = ["grpcio-tools (>=1.59.0)"]

[[package]]
name = "numpy"
version = "1.21.6"
description = "NumPy is the fundamental package for array computing with Python."
optional = false
python-versions = ">=3.7,<3.11"
files = [
    {file = "numpy-1.21.6-cp310-cp310-macosx_10_9_universal2.whl", hash = "sha256:8737609c3bbdd48e380d463134a35ffad3b22dc56295eff6f79fd85bd0eeeb25"},
    {file = "numpy-1.21.6-cp310-cp310-macosx_10_9_x86_64.whl", hash = "sha256:fdffbfb6832cd0b300995a2b08b8f6fa9f6e856d562800fea9182316d99c4e8e"},
    {file = "numpy-1.21.6-cp310-cp310-macosx_11_0_arm64.whl", hash = "sha256:3820724272f9913b597ccd13a467cc492a0da6b05df26ea09e78b171a0bb9da6"},
    {file = "numpy-1.21.6-cp310-cp310-manylinux_2_17_aarch64.manylinux2014_aarch64.whl", hash = "sha256:f17e562de9edf691a42ddb1eb4a5541c20dd3f9e65b09ded2beb0799c0cf29bb"},
    {file = "numpy-1.21.6-cp310-cp310-manylinux_2_17_x86_64.manylinux2014_x86_64.whl", hash = "sha256:5f30427731561ce75d7048ac254dbe47a2ba576229250fb60f0fb74db96501a1"},
    {file = "numpy-1.21.6-cp310-cp310-win32.whl", hash = "sha256:d4bf4d43077db55589ffc9009c0ba0a94fa4908b9586d6ccce2e0b164c86303c"},
    {file = "numpy-1.21.6-cp310-cp310-win_amd64.whl", hash = "sha256:d136337ae3cc69aa5e447e78d8e1514be8c3ec9b54264e680cf0b4bd9011574f"},
    {file = "numpy-1.21.6-cp37-cp37m-macosx_10_9_x86_64.whl", hash = "sha256:6aaf96c7f8cebc220cdfc03f1d5a31952f027dda050e5a703a0d1c396075e3e7"},
    {file = "numpy-1.21.6-cp37-cp37m-manylinux_2_12_i686.manylinux2010_i686.whl", hash = "sha256:67c261d6c0a9981820c3a149d255a76918278a6b03b6a036800359aba1256d46"},
    {file = "numpy-1.21.6-cp37-cp37m-manylinux_2_12_x86_64.manylinux2010_x86_64.whl", hash = "sha256:a6be4cb0ef3b8c9250c19cc122267263093eee7edd4e3fa75395dfda8c17a8e2"},
    {file = "numpy-1.21.6-cp37-cp37m-manylinux_2_17_aarch64.manylinux2014_aarch64.whl", hash = "sha256:7c4068a8c44014b2d55f3c3f574c376b2494ca9cc73d2f1bd692382b6dffe3db"},
    {file = "numpy-1.21.6-cp37-cp37m-win32.whl", hash = "sha256:7c7e5fa88d9ff656e067876e4736379cc962d185d5cd808014a8a928d529ef4e"},
    {file = "numpy-1.21.6-cp37-cp37m-win_amd64.whl", hash = "sha256:bcb238c9c96c00d3085b264e5c1a1207672577b93fa666c3b14a45240b14123a"},
    {file = "numpy-1.21.6-cp38-cp38-macosx_10_9_universal2.whl", hash = "sha256:82691fda7c3f77c90e62da69ae60b5ac08e87e775b09813559f8901a88266552"},
    {file = "numpy-1.21.6-cp38-cp38-macosx_10_9_x86_64.whl", hash = "sha256:643843bcc1c50526b3a71cd2ee561cf0d8773f062c8cbaf9ffac9fdf573f83ab"},
    {file = "numpy-1.21.6-cp38-cp38-macosx_11_0_arm64.whl", hash = "sha256:357768c2e4451ac241465157a3e929b265dfac85d9214074985b1786244f2ef3"},
    {file = "numpy-1.21.6-cp38-cp38-manylinux_2_12_i686.manylinux2010_i686.whl", hash = "sha256:9f411b2c3f3d76bba0865b35a425157c5dcf54937f82bbeb3d3c180789dd66a6"},
    {file = "numpy-1.21.6-cp38-cp38-manylinux_2_12_x86_64.manylinux2010_x86_64.whl", hash = "sha256:4aa48afdce4660b0076a00d80afa54e8a97cd49f457d68a4342d188a09451c1a"},
    {file = "numpy-1.21.6-cp38-cp38-manylinux_2_17_aarch64.manylinux2014_aarch64.whl", hash = "sha256:d6a96eef20f639e6a97d23e57dd0c1b1069a7b4fd7027482a4c5c451cd7732f4"},
    {file = "numpy-1.21.6-cp38-cp38-win32.whl", hash = "sha256:5c3c8def4230e1b959671eb959083661b4a0d2e9af93ee339c7dada6759a9470"},
    {file = "numpy-1.21.6-cp38-cp38-win_amd64.whl", hash = "sha256:bf2ec4b75d0e9356edea834d1de42b31fe11f726a81dfb2c2112bc1eaa508fcf"},
    {file = "numpy-1.21.6-cp39-cp39-macosx_10_9_universal2.whl", hash = "sha256:4391bd07606be175aafd267ef9bea87cf1b8210c787666ce82073b05f202add1"},
    {file = "numpy-1.21.6-cp39-cp39-macosx_10_9_x86_64.whl", hash = "sha256:67f21981ba2f9d7ba9ade60c9e8cbaa8cf8e9ae51673934480e45cf55e953673"},
    {file = "numpy-1.21.6-cp39-cp39-macosx_11_0_arm64.whl", hash = "sha256:ee5ec40fdd06d62fe5d4084bef4fd50fd4bb6bfd2bf519365f569dc470163ab0"},
    {file = "numpy-1.21.6-cp39-cp39-manylinux_2_12_i686.manylinux2010_i686.whl", hash = "sha256:1dbe1c91269f880e364526649a52eff93ac30035507ae980d2fed33aaee633ac"},
    {file = "numpy-1.21.6-cp39-cp39-manylinux_2_12_x86_64.manylinux2010_x86_64.whl", hash = "sha256:d9caa9d5e682102453d96a0ee10c7241b72859b01a941a397fd965f23b3e016b"},
    {file = "numpy-1.21.6-cp39-cp39-manylinux_2_17_aarch64.manylinux2014_aarch64.whl", hash = "sha256:58459d3bad03343ac4b1b42ed14d571b8743dc80ccbf27444f266729df1d6f5b"},
    {file = "numpy-1.21.6-cp39-cp39-win32.whl", hash = "sha256:7f5ae4f304257569ef3b948810816bc87c9146e8c446053539947eedeaa32786"},
    {file = "numpy-1.21.6-cp39-cp39-win_amd64.whl", hash = "sha256:e31f0bb5928b793169b87e3d1e070f2342b22d5245c755e2b81caa29756246c3"},
    {file = "numpy-1.21.6-pp37-pypy37_pp73-manylinux_2_12_x86_64.manylinux2010_x86_64.whl", hash = "sha256:dd1c8f6bd65d07d3810b90d02eba7997e32abbdf1277a481d698969e921a3be0"},
    {file = "numpy-1.21.6.zip", hash = "sha256:ecb55251139706669fdec2ff073c98ef8e9a84473e51e716211b41aa0f18e656"},
]

[[package]]
name = "packaging"
version = "23.2"
description = "Core utilities for Python packages"
optional = false
python-versions = ">=3.7"
files = [
    {file = "packaging-23.2-py3-none-any.whl", hash = "sha256:8c491190033a9af7e1d931d0b5dacc2ef47509b34dd0de67ed209b5203fc88c7"},
    {file = "packaging-23.2.tar.gz", hash = "sha256:048fb0e9405036518eaaf48a55953c750c11e1a1b68e0dd1a9d62ed0c092cfc5"},
]

[[package]]
name = "protobuf"
version = "3.20.3"
description = "Protocol Buffers"
optional = false
python-versions = ">=3.7"
files = [
    {file = "protobuf-3.20.3-cp310-cp310-manylinux2014_aarch64.whl", hash = "sha256:f4bd856d702e5b0d96a00ec6b307b0f51c1982c2bf9c0052cf9019e9a544ba99"},
    {file = "protobuf-3.20.3-cp310-cp310-manylinux_2_12_x86_64.manylinux2010_x86_64.whl", hash = "sha256:9aae4406ea63d825636cc11ffb34ad3379335803216ee3a856787bcf5ccc751e"},
    {file = "protobuf-3.20.3-cp310-cp310-win32.whl", hash = "sha256:28545383d61f55b57cf4df63eebd9827754fd2dc25f80c5253f9184235db242c"},
    {file = "protobuf-3.20.3-cp310-cp310-win_amd64.whl", hash = "sha256:67a3598f0a2dcbc58d02dd1928544e7d88f764b47d4a286202913f0b2801c2e7"},
    {file = "protobuf-3.20.3-cp36-cp36m-manylinux_2_5_x86_64.manylinux1_x86_64.whl", hash = "sha256:899dc660cd599d7352d6f10d83c95df430a38b410c1b66b407a6b29265d66469"},
    {file = "protobuf-3.20.3-cp37-cp37m-macosx_10_9_x86_64.whl", hash = "sha256:e64857f395505ebf3d2569935506ae0dfc4a15cb80dc25261176c784662cdcc4"},
    {file = "protobuf-3.20.3-cp37-cp37m-manylinux2014_aarch64.whl", hash = "sha256:d9e4432ff660d67d775c66ac42a67cf2453c27cb4d738fc22cb53b5d84c135d4"},
    {file = "protobuf-3.20.3-cp37-cp37m-manylinux_2_5_x86_64.manylinux1_x86_64.whl", hash = "sha256:74480f79a023f90dc6e18febbf7b8bac7508420f2006fabd512013c0c238f454"},
    {file = "protobuf-3.20.3-cp37-cp37m-win32.whl", hash = "sha256:b6cc7ba72a8850621bfec987cb72623e703b7fe2b9127a161ce61e61558ad905"},
    {file = "protobuf-3.20.3-cp37-cp37m-win_amd64.whl", hash = "sha256:8c0c984a1b8fef4086329ff8dd19ac77576b384079247c770f29cc8ce3afa06c"},
    {file = "protobuf-3.20.3-cp38-cp38-macosx_10_9_x86_64.whl", hash = "sha256:de78575669dddf6099a8a0f46a27e82a1783c557ccc38ee620ed8cc96d3be7d7"},
    {file = "protobuf-3.20.3-cp38-cp38-manylinux2014_aarch64.whl", hash = "sha256:f4c42102bc82a51108e449cbb32b19b180022941c727bac0cfd50170341f16ee"},
    {file = "protobuf-3.20.3-cp38-cp38-manylinux_2_5_x86_64.manylinux1_x86_64.whl", hash = "sha256:44246bab5dd4b7fbd3c0c80b6f16686808fab0e4aca819ade6e8d294a29c7050"},
    {file = "protobuf-3.20.3-cp38-cp38-win32.whl", hash = "sha256:c02ce36ec760252242a33967d51c289fd0e1c0e6e5cc9397e2279177716add86"},
    {file = "protobuf-3.20.3-cp38-cp38-win_amd64.whl", hash = "sha256:447d43819997825d4e71bf5769d869b968ce96848b6479397e29fc24c4a5dfe9"},
    {file = "protobuf-3.20.3-cp39-cp39-macosx_10_9_x86_64.whl", hash = "sha256:398a9e0c3eaceb34ec1aee71894ca3299605fa8e761544934378bbc6c97de23b"},
    {file = "protobuf-3.20.3-cp39-cp39-manylinux2014_aarch64.whl", hash = "sha256:bf01b5720be110540be4286e791db73f84a2b721072a3711efff6c324cdf074b"},
    {file = "protobuf-3.20.3-cp39-cp39-manylinux_2_5_x86_64.manylinux1_x86_64.whl", hash = "sha256:daa564862dd0d39c00f8086f88700fdbe8bc717e993a21e90711acfed02f2402"},
    {file = "protobuf-3.20.3-cp39-cp39-win32.whl", hash = "sha256:819559cafa1a373b7096a482b504ae8a857c89593cf3a25af743ac9ecbd23480"},
    {file = "protobuf-3.20.3-cp39-cp39-win_amd64.whl", hash = "sha256:03038ac1cfbc41aa21f6afcbcd357281d7521b4157926f30ebecc8d4ea59dcb7"},
    {file = "protobuf-3.20.3-py2.py3-none-any.whl", hash = "sha256:a7ca6d488aa8ff7f329d4c545b2dbad8ac31464f1d8b1c87ad1346717731e4db"},
    {file = "protobuf-3.20.3.tar.gz", hash = "sha256:2e3427429c9cffebf259491be0af70189607f365c2f41c7c3764af6f337105f2"},
]

[[package]]
name = "python-rapidjson"
version = "1.12"
description = "Python wrapper around rapidjson"
optional = false
python-versions = ">=3.6"
files = [
    {file = "python-rapidjson-1.12.tar.gz", hash = "sha256:2d10530c515135eeb4b197564a0b8efea477c3b52b67d057a833f82e38e2dfd2"},
    {file = "python_rapidjson-1.12-cp310-cp310-macosx_10_9_x86_64.whl", hash = "sha256:7fc9b9c6d54ee9bebd8a566730e59662cc5b55c02959a7c9f97ab716af8d8287"},
    {file = "python_rapidjson-1.12-cp310-cp310-manylinux_2_17_aarch64.manylinux2014_aarch64.whl", hash = "sha256:6efc5dba0f3dd0afb3d81221dadb3c5911199ea9af8b387b8c3667c53c77f6ad"},
    {file = "python_rapidjson-1.12-cp310-cp310-manylinux_2_17_ppc64le.manylinux2014_ppc64le.whl", hash = "sha256:160bf777de26a9d61b8778fc4d3e1dafa6e0ff6778ea8a2e8536cc2c7e51c29a"},
    {file = "python_rapidjson-1.12-cp310-cp310-manylinux_2_17_x86_64.manylinux2014_x86_64.whl", hash = "sha256:80bad56304d76123cd39e1a66b43b304ff41c4328a48870dda48ae9602eb0618"},
    {file = "python_rapidjson-1.12-cp310-cp310-manylinux_2_5_i686.manylinux1_i686.manylinux_2_17_i686.manylinux2014_i686.whl", hash = "sha256:065bf14e01cb66a2ffe79aac1d7a54e71a06ce12d9beb4f87257fea12ef4375d"},
    {file = "python_rapidjson-1.12-cp310-cp310-musllinux_1_1_aarch64.whl", hash = "sha256:a1f790ed242fa2601ca72904187e20f56eebdda13805432dd84de06b37ebc91c"},
    {file = "python_rapidjson-1.12-cp310-cp310-musllinux_1_1_i686.whl", hash = "sha256:4eb6774541cbc1030e129965f5c7144bc9c2e6c7530db5d3c5d25b59fdd467f0"},
    {file = "python_rapidjson-1.12-cp310-cp310-musllinux_1_1_ppc64le.whl", hash = "sha256:cd3ae2451df96bca2a8f0af6932a7f1a8118c7560930d7c1e41d10fa4f86df61"},
    {file = "python_rapidjson-1.12-cp310-cp310-musllinux_1_1_x86_64.whl", hash = "sha256:7fa25b60f2db28e0b3f3d0d394133404107f47eafd2d03f31d3f25a0832133ac"},
    {file = "python_rapidjson-1.12-cp310-cp310-win32.whl", hash = "sha256:c6175d274d90a06f9706a888368881db3ff18c602baaf30a79e7e75dee0846ae"},
    {file = "python_rapidjson-1.12-cp310-cp310-win_amd64.whl", hash = "sha256:31f3516b5cef7a9e0f7eedaef7af89ffd2683c8b39048b71d7e4ce303136a371"},
    {file = "python_rapidjson-1.12-cp311-cp311-macosx_10_9_x86_64.whl", hash = "sha256:abe20042832b193718a9c0f87c71b14920b8f1265fdc65643c1e011ceb9b536d"},
    {file = "python_rapidjson-1.12-cp311-cp311-manylinux_2_17_aarch64.manylinux2014_aarch64.whl", hash = "sha256:0c4415dd8082b945321a8fc8f05612e90e37225c49dcc980619d55fb8d81789b"},
    {file = "python_rapidjson-1.12-cp311-cp311-manylinux_2_17_ppc64le.manylinux2014_ppc64le.whl", hash = "sha256:0f80cdaf30b63d8aef3a2297c2fbf43ff3d2b58cd7b35513f4adfe06210d5279"},
    {file = "python_rapidjson-1.12-cp311-cp311-manylinux_2_17_x86_64.manylinux2014_x86_64.whl", hash = "sha256:4ef3fb9543a5e2eaddd805a200689db6352695b59ce8acf93304e561690c10bf"},
    {file = "python_rapidjson-1.12-cp311-cp311-manylinux_2_5_i686.manylinux1_i686.manylinux_2_17_i686.manylinux2014_i686.whl", hash = "sha256:4491383002176ff205dfeb0c90250721594b504fce7aaf78a94f512d8ac4a03f"},
    {file = "python_rapidjson-1.12-cp311-cp311-musllinux_1_1_aarch64.whl", hash = "sha256:cb94eb36cf152bcee455a9f233726ca1038bdc88579de17f3b2f2d111e122b44"},
    {file = "python_rapidjson-1.12-cp311-cp311-musllinux_1_1_i686.whl", hash = "sha256:cbf459b1ab1f69f8d234bf35ecd22799f08807de23df1c51b163b8d38a1616b0"},
    {file = "python_rapidjson-1.12-cp311-cp311-musllinux_1_1_ppc64le.whl", hash = "sha256:d524d03b004ae1a54c413ddf74591dacc9facdb96d71a348ddefaa6ba0098a7c"},
    {file = "python_rapidjson-1.12-cp311-cp311-musllinux_1_1_x86_64.whl", hash = "sha256:d6597f78930f4bbbbce69d0835347ef4c2bc809fa149b4dca57879228f55a03b"},
    {file = "python_rapidjson-1.12-cp311-cp311-win32.whl", hash = "sha256:c2f7456715f48ac0c07aa771848cc0f9dc7fcbe9142a4614a44496ce7868c941"},
    {file = "python_rapidjson-1.12-cp311-cp311-win_amd64.whl", hash = "sha256:712644728a9d8743e4881369623723e18291fe79c684a493b19f50b91220ab2f"},
    {file = "python_rapidjson-1.12-cp312-cp312-macosx_10_9_x86_64.whl", hash = "sha256:4cbb7ee6a9f04508b695a3e8b067aca5f780c9bc9969808bbe7511c2bc3d0d5e"},
    {file = "python_rapidjson-1.12-cp312-cp312-manylinux_2_17_aarch64.manylinux2014_aarch64.whl", hash = "sha256:6cdcf4dd9986d7229ff463771a248419ba168ab733acefe2f78d353cafcca564"},
    {file = "python_rapidjson-1.12-cp312-cp312-manylinux_2_17_ppc64le.manylinux2014_ppc64le.whl", hash = "sha256:a05ed1efd85d09f64c994fbcaeae2816e399fe6fc20df952566b82f3859a0b79"},
    {file = "python_rapidjson-1.12-cp312-cp312-manylinux_2_17_x86_64.manylinux2014_x86_64.whl", hash = "sha256:a65aed90fca1e21a9862ff0024b006ac5056d3bc54a7270c1f1de3208842bf24"},
    {file = "python_rapidjson-1.12-cp312-cp312-manylinux_2_5_i686.manylinux1_i686.manylinux_2_17_i686.manylinux2014_i686.whl", hash = "sha256:2f8633b4951778b981e25afdec62234ee6e733ecd7c0af1b9f0f0ccc90bf4a39"},
    {file = "python_rapidjson-1.12-cp312-cp312-musllinux_1_1_aarch64.whl", hash = "sha256:fd3ce6194060f4d19cd623acdcdf6d4f0048417e0e59191a7846a0da088de5bd"},
    {file = "python_rapidjson-1.12-cp312-cp312-musllinux_1_1_i686.whl", hash = "sha256:610400ed807f404c8eea6de926e8f597ebcc2bc61d1741146047fc5eba933611"},
    {file = "python_rapidjson-1.12-cp312-cp312-musllinux_1_1_ppc64le.whl", hash = "sha256:7416d938bb9860e7e06c2d5194d181b8f330636f28e5a9a77fa2794fa614c966"},
    {file = "python_rapidjson-1.12-cp312-cp312-musllinux_1_1_x86_64.whl", hash = "sha256:5effe98380a1fdd24c3cb622d8b5da448db2d8dc45ed4c5574fad1bcb3a7208c"},
    {file = "python_rapidjson-1.12-cp312-cp312-win32.whl", hash = "sha256:8cba24ddd21342db7abdad383028a4b7f02d5a926951e0686ca19f34f5df3204"},
    {file = "python_rapidjson-1.12-cp312-cp312-win_amd64.whl", hash = "sha256:442c0bb847965c73c347b4a10731b8762463ec92ddc8fd98a9c9ed337bd3a435"},
    {file = "python_rapidjson-1.12-cp38-cp38-macosx_10_9_x86_64.whl", hash = "sha256:ce24c4c503c0646f693bca47509e6ab69fabad7b10852ec4cf8aeb470d50c892"},
    {file = "python_rapidjson-1.12-cp38-cp38-manylinux_2_17_aarch64.manylinux2014_aarch64.whl", hash = "sha256:622f10964559d7f4ec27c5ca6f91c0b08d9d39d19f4d94ce4f9711c8ed14b38a"},
    {file = "python_rapidjson-1.12-cp38-cp38-manylinux_2_17_ppc64le.manylinux2014_ppc64le.whl", hash = "sha256:0804c1518696ea3ba251167f97e2a82ecc9ae80141dde626b1fd084d3bd78c1e"},
    {file = "python_rapidjson-1.12-cp38-cp38-manylinux_2_17_x86_64.manylinux2014_x86_64.whl", hash = "sha256:23bba42123e666f9043505801653cf27e3bfc5656c26104fc946ec0336f79963"},
    {file = "python_rapidjson-1.12-cp38-cp38-manylinux_2_5_i686.manylinux1_i686.manylinux_2_17_i686.manylinux2014_i686.whl", hash = "sha256:5711de9ac945936e688e29ab0892d4e869e8e632c0f607334d5801226826135e"},
    {file = "python_rapidjson-1.12-cp38-cp38-musllinux_1_1_aarch64.whl", hash = "sha256:ae16eed4840f04953580ce5b8b323cf3d856e48add512a9597faba1c2d68577f"},
    {file = "python_rapidjson-1.12-cp38-cp38-musllinux_1_1_i686.whl", hash = "sha256:a0add3c454bf8af81a2d3cc4deba2281fc0df0ea3cac0c12886c8004095460dc"},
    {file = "python_rapidjson-1.12-cp38-cp38-musllinux_1_1_ppc64le.whl", hash = "sha256:f952eb5d83b77ae78108c495ee47bc1668aa81596f9478e104fd769ffccb1c31"},
    {file = "python_rapidjson-1.12-cp38-cp38-musllinux_1_1_x86_64.whl", hash = "sha256:5e139fa50b795295a50f839ad888fd110ab3ef1e067074dba8c1107c20f276af"},
    {file = "python_rapidjson-1.12-cp38-cp38-win32.whl", hash = "sha256:1b75774ef0ce5b20b76939b4a25aff06b7f545d83cd710d5db2d522a5f154e82"},
    {file = "python_rapidjson-1.12-cp38-cp38-win_amd64.whl", hash = "sha256:08fd8f163617c0155843d5af65e3b6bec35d80dbdc86774435877384ded278a6"},
    {file = "python_rapidjson-1.12-cp39-cp39-macosx_10_9_x86_64.whl", hash = "sha256:28f59b341221a65dcd36bf0cbb21443a7f5d64146f24b05dd89b41d34963c726"},
    {file = "python_rapidjson-1.12-cp39-cp39-manylinux_2_17_aarch64.manylinux2014_aarch64.whl", hash = "sha256:b08f21ab15a0a22b7b556cda607fc268cb29ac029ec5c773a12bea424f8abb20"},
    {file = "python_rapidjson-1.12-cp39-cp39-manylinux_2_17_ppc64le.manylinux2014_ppc64le.whl", hash = "sha256:540262286f1d87c73fa4930976f5b4de82d1244694936e87b12fce9e9a205569"},
    {file = "python_rapidjson-1.12-cp39-cp39-manylinux_2_17_x86_64.manylinux2014_x86_64.whl", hash = "sha256:ca3f849e0c1e990e527d697bf5b14a6349bdb0a79b82214bf3eea415461003f7"},
    {file = "python_rapidjson-1.12-cp39-cp39-manylinux_2_5_i686.manylinux1_i686.manylinux_2_17_i686.manylinux2014_i686.whl", hash = "sha256:c9a6acb2745c32b353d49c5e06d1d6229820e693a07b6bbe79d3f31393e44495"},
    {file = "python_rapidjson-1.12-cp39-cp39-musllinux_1_1_aarch64.whl", hash = "sha256:fda536d92ec85e6624f7d9c60f18f2cbd95a3508fcc8178397c918df4afd9313"},
    {file = "python_rapidjson-1.12-cp39-cp39-musllinux_1_1_i686.whl", hash = "sha256:199f7183e19ff1b0d9a408fd776d42492cf913a5f11b847cc3f1751742abca5a"},
    {file = "python_rapidjson-1.12-cp39-cp39-musllinux_1_1_ppc64le.whl", hash = "sha256:e759516757d9ad15c6e0373084686a484e9ec3bac2087cfef5b5e15c5473bfef"},
    {file = "python_rapidjson-1.12-cp39-cp39-musllinux_1_1_x86_64.whl", hash = "sha256:3b09429ac1bd78bca0230fcb6aea2da3bdb9473b761f3e755a52a346eb184ffc"},
    {file = "python_rapidjson-1.12-cp39-cp39-win32.whl", hash = "sha256:3bb340169bb93358815a7db622d26ce6d3094b89eebae4b3f61c40c8e1759c60"},
    {file = "python_rapidjson-1.12-cp39-cp39-win_amd64.whl", hash = "sha256:e222bab97c32798a005894281ed5c8dbbc2fec53fa70d64e8b8d6c9979daa921"},
]

[[package]]
name = "tritonclient"
version = "2.36.0"
description = "Python client library and utilities for communicating with Triton Inference Server"
optional = false
python-versions = "*"
files = [
    {file = "tritonclient-2.36.0-py3-none-any.whl", hash = "sha256:583b06d5cc056dc307a6db61bca0a0dd85c1fee8a274fa11d5c4e8fc557be547"},
    {file = "tritonclient-2.36.0-py3-none-manylinux1_x86_64.whl", hash = "sha256:56a124e3f1901c5d392d00d8daa2de40156a1de1b4d3d3a4296b3e55c77a230d"},
]

[package.dependencies]
grpcio = {version = ">=1.41.0", optional = true, markers = "extra == \"grpc\""}
numpy = ">=1.19.1"
packaging = {version = ">=14.1", optional = true, markers = "extra == \"grpc\""}
protobuf = {version = ">=3.5.0,<4", optional = true, markers = "extra == \"grpc\""}
python-rapidjson = ">=0.9.1"

[package.extras]
all = ["aiohttp (>=3.8.1,<4.0.0)", "geventhttpclient (>=1.4.4,<=2.0.2)", "grpcio (>=1.41.0)", "numpy (>=1.19.1)", "packaging (>=14.1)", "protobuf (>=3.5.0,<4)", "python-rapidjson (>=0.9.1)"]
grpc = ["grpcio (>=1.41.0)", "numpy (>=1.19.1)", "packaging (>=14.1)", "protobuf (>=3.5.0,<4)", "python-rapidjson (>=0.9.1)"]
http = ["aiohttp (>=3.8.1,<4.0.0)", "geventhttpclient (>=1.4.4,<=2.0.2)", "numpy (>=1.19.1)", "python-rapidjson (>=0.9.1)"]

[metadata]
lock-version = "2.0"
python-versions = "3.8.*"
content-hash = "c47c3d68cc752f6eed9bcb527764850a1bba18c4d613efb634f9351d37154646"
